// !$*UTF8*$!
{
	archiveVersion = 1;
	classes = {
	};
	objectVersion = 50;
	objects = {

/* Begin PBXBuildFile section */
		8449E45426E0D29C0082AD03 /* SimpleNavIOSApp.swift in Sources */ = {isa = PBXBuildFile; fileRef = 8449E45326E0D29C0082AD03 /* SimpleNavIOSApp.swift */; };
		8449E45626E0D29C0082AD03 /* ContentView.swift in Sources */ = {isa = PBXBuildFile; fileRef = 8449E45526E0D29C0082AD03 /* ContentView.swift */; };
		8449E45826E0D2A70082AD03 /* Assets.xcassets in Resources */ = {isa = PBXBuildFile; fileRef = 8449E45726E0D2A70082AD03 /* Assets.xcassets */; };
		8449E45B26E0D2A70082AD03 /* Preview Assets.xcassets in Resources */ = {isa = PBXBuildFile; fileRef = 8449E45A26E0D2A70082AD03 /* Preview Assets.xcassets */; };
		8449E46626E0D2A80082AD03 /* SimpleNavIOSTests.swift in Sources */ = {isa = PBXBuildFile; fileRef = 8449E46526E0D2A80082AD03 /* SimpleNavIOSTests.swift */; };
		8449E47126E0D2A80082AD03 /* SimpleNavIOSUITests.swift in Sources */ = {isa = PBXBuildFile; fileRef = 8449E47026E0D2A80082AD03 /* SimpleNavIOSUITests.swift */; };
		8449E47F26E0DF2D0082AD03 /* LocatioViewModel.swift in Sources */ = {isa = PBXBuildFile; fileRef = 8449E47E26E0DF2D0082AD03 /* LocatioViewModel.swift */; };
		8449E48126E2243C0082AD03 /* LocationDataModel.swift in Sources */ = {isa = PBXBuildFile; fileRef = 8449E48026E2243C0082AD03 /* LocationDataModel.swift */; };
/* End PBXBuildFile section */

/* Begin PBXContainerItemProxy section */
		8449E46226E0D2A80082AD03 /* PBXContainerItemProxy */ = {
			isa = PBXContainerItemProxy;
			containerPortal = 8449E44826E0D29C0082AD03 /* Project object */;
			proxyType = 1;
			remoteGlobalIDString = 8449E44F26E0D29C0082AD03;
			remoteInfo = SimpleNavIOS;
		};
		8449E46D26E0D2A80082AD03 /* PBXContainerItemProxy */ = {
			isa = PBXContainerItemProxy;
			containerPortal = 8449E44826E0D29C0082AD03 /* Project object */;
			proxyType = 1;
			remoteGlobalIDString = 8449E44F26E0D29C0082AD03;
			remoteInfo = SimpleNavIOS;
		};
/* End PBXContainerItemProxy section */

/* Begin PBXFileReference section */
		8449E45026E0D29C0082AD03 /* SimpleNavIOS.app */ = {isa = PBXFileReference; explicitFileType = wrapper.application; includeInIndex = 0; path = SimpleNavIOS.app; sourceTree = BUILT_PRODUCTS_DIR; };
		8449E45326E0D29C0082AD03 /* SimpleNavIOSApp.swift */ = {isa = PBXFileReference; lastKnownFileType = sourcecode.swift; path = SimpleNavIOSApp.swift; sourceTree = "<group>"; };
		8449E45526E0D29C0082AD03 /* ContentView.swift */ = {isa = PBXFileReference; lastKnownFileType = sourcecode.swift; path = ContentView.swift; sourceTree = "<group>"; };
		8449E45726E0D2A70082AD03 /* Assets.xcassets */ = {isa = PBXFileReference; lastKnownFileType = folder.assetcatalog; path = Assets.xcassets; sourceTree = "<group>"; };
		8449E45A26E0D2A70082AD03 /* Preview Assets.xcassets */ = {isa = PBXFileReference; lastKnownFileType = folder.assetcatalog; path = "Preview Assets.xcassets"; sourceTree = "<group>"; };
		8449E45C26E0D2A70082AD03 /* Info.plist */ = {isa = PBXFileReference; lastKnownFileType = text.plist.xml; path = Info.plist; sourceTree = "<group>"; };
		8449E46126E0D2A80082AD03 /* SimpleNavIOSTests.xctest */ = {isa = PBXFileReference; explicitFileType = wrapper.cfbundle; includeInIndex = 0; path = SimpleNavIOSTests.xctest; sourceTree = BUILT_PRODUCTS_DIR; };
		8449E46526E0D2A80082AD03 /* SimpleNavIOSTests.swift */ = {isa = PBXFileReference; lastKnownFileType = sourcecode.swift; path = SimpleNavIOSTests.swift; sourceTree = "<group>"; };
		8449E46726E0D2A80082AD03 /* Info.plist */ = {isa = PBXFileReference; lastKnownFileType = text.plist.xml; path = Info.plist; sourceTree = "<group>"; };
		8449E46C26E0D2A80082AD03 /* SimpleNavIOSUITests.xctest */ = {isa = PBXFileReference; explicitFileType = wrapper.cfbundle; includeInIndex = 0; path = SimpleNavIOSUITests.xctest; sourceTree = BUILT_PRODUCTS_DIR; };
		8449E47026E0D2A80082AD03 /* SimpleNavIOSUITests.swift */ = {isa = PBXFileReference; lastKnownFileType = sourcecode.swift; path = SimpleNavIOSUITests.swift; sourceTree = "<group>"; };
		8449E47226E0D2A80082AD03 /* Info.plist */ = {isa = PBXFileReference; lastKnownFileType = text.plist.xml; path = Info.plist; sourceTree = "<group>"; };
		8449E47E26E0DF2D0082AD03 /* LocatioViewModel.swift */ = {isa = PBXFileReference; lastKnownFileType = sourcecode.swift; path = LocatioViewModel.swift; sourceTree = "<group>"; };
		8449E48026E2243C0082AD03 /* LocationDataModel.swift */ = {isa = PBXFileReference; lastKnownFileType = sourcecode.swift; path = LocationDataModel.swift; sourceTree = "<group>"; };
/* End PBXFileReference section */

/* Begin PBXFrameworksBuildPhase section */
		8449E44D26E0D29C0082AD03 /* Frameworks */ = {
			isa = PBXFrameworksBuildPhase;
			buildActionMask = 2147483647;
			files = (
			);
			runOnlyForDeploymentPostprocessing = 0;
		};
		8449E45E26E0D2A80082AD03 /* Frameworks */ = {
			isa = PBXFrameworksBuildPhase;
			buildActionMask = 2147483647;
			files = (
			);
			runOnlyForDeploymentPostprocessing = 0;
		};
		8449E46926E0D2A80082AD03 /* Frameworks */ = {
			isa = PBXFrameworksBuildPhase;
			buildActionMask = 2147483647;
			files = (
			);
			runOnlyForDeploymentPostprocessing = 0;
		};
/* End PBXFrameworksBuildPhase section */

/* Begin PBXGroup section */
		8449E44726E0D29C0082AD03 = {
			isa = PBXGroup;
			children = (
				8449E45226E0D29C0082AD03 /* SimpleNavIOS */,
				8449E46426E0D2A80082AD03 /* SimpleNavIOSTests */,
				8449E46F26E0D2A80082AD03 /* SimpleNavIOSUITests */,
				8449E45126E0D29C0082AD03 /* Products */,
			);
			sourceTree = "<group>";
		};
		8449E45126E0D29C0082AD03 /* Products */ = {
			isa = PBXGroup;
			children = (
				8449E45026E0D29C0082AD03 /* SimpleNavIOS.app */,
				8449E46126E0D2A80082AD03 /* SimpleNavIOSTests.xctest */,
				8449E46C26E0D2A80082AD03 /* SimpleNavIOSUITests.xctest */,
			);
			name = Products;
			sourceTree = "<group>";
		};
		8449E45226E0D29C0082AD03 /* SimpleNavIOS */ = {
			isa = PBXGroup;
			children = (
				8449E45326E0D29C0082AD03 /* SimpleNavIOSApp.swift */,
				8449E48026E2243C0082AD03 /* LocationDataModel.swift */,
				8449E45526E0D29C0082AD03 /* ContentView.swift */,
				8449E47E26E0DF2D0082AD03 /* LocatioViewModel.swift */,
				8449E45726E0D2A70082AD03 /* Assets.xcassets */,
				8449E45C26E0D2A70082AD03 /* Info.plist */,
				8449E45926E0D2A70082AD03 /* Preview Content */,
			);
			path = SimpleNavIOS;
			sourceTree = "<group>";
		};
		8449E45926E0D2A70082AD03 /* Preview Content */ = {
			isa = PBXGroup;
			children = (
				8449E45A26E0D2A70082AD03 /* Preview Assets.xcassets */,
			);
			path = "Preview Content";
			sourceTree = "<group>";
		};
		8449E46426E0D2A80082AD03 /* SimpleNavIOSTests */ = {
			isa = PBXGroup;
			children = (
				8449E46526E0D2A80082AD03 /* SimpleNavIOSTests.swift */,
				8449E46726E0D2A80082AD03 /* Info.plist */,
			);
			path = SimpleNavIOSTests;
			sourceTree = "<group>";
		};
		8449E46F26E0D2A80082AD03 /* SimpleNavIOSUITests */ = {
			isa = PBXGroup;
			children = (
				8449E47026E0D2A80082AD03 /* SimpleNavIOSUITests.swift */,
				8449E47226E0D2A80082AD03 /* Info.plist */,
			);
			path = SimpleNavIOSUITests;
			sourceTree = "<group>";
		};
/* End PBXGroup section */

/* Begin PBXNativeTarget section */
		8449E44F26E0D29C0082AD03 /* SimpleNavIOS */ = {
			isa = PBXNativeTarget;
			buildConfigurationList = 8449E47526E0D2A80082AD03 /* Build configuration list for PBXNativeTarget "SimpleNavIOS" */;
			buildPhases = (
				8449E44C26E0D29C0082AD03 /* Sources */,
				8449E44D26E0D29C0082AD03 /* Frameworks */,
				8449E44E26E0D29C0082AD03 /* Resources */,
			);
			buildRules = (
			);
			dependencies = (
			);
			name = SimpleNavIOS;
			productName = SimpleNavIOS;
			productReference = 8449E45026E0D29C0082AD03 /* SimpleNavIOS.app */;
			productType = "com.apple.product-type.application";
		};
		8449E46026E0D2A80082AD03 /* SimpleNavIOSTests */ = {
			isa = PBXNativeTarget;
			buildConfigurationList = 8449E47826E0D2A80082AD03 /* Build configuration list for PBXNativeTarget "SimpleNavIOSTests" */;
			buildPhases = (
				8449E45D26E0D2A80082AD03 /* Sources */,
				8449E45E26E0D2A80082AD03 /* Frameworks */,
				8449E45F26E0D2A80082AD03 /* Resources */,
			);
			buildRules = (
			);
			dependencies = (
				8449E46326E0D2A80082AD03 /* PBXTargetDependency */,
			);
			name = SimpleNavIOSTests;
			productName = SimpleNavIOSTests;
			productReference = 8449E46126E0D2A80082AD03 /* SimpleNavIOSTests.xctest */;
			productType = "com.apple.product-type.bundle.unit-test";
		};
		8449E46B26E0D2A80082AD03 /* SimpleNavIOSUITests */ = {
			isa = PBXNativeTarget;
			buildConfigurationList = 8449E47B26E0D2A80082AD03 /* Build configuration list for PBXNativeTarget "SimpleNavIOSUITests" */;
			buildPhases = (
				8449E46826E0D2A80082AD03 /* Sources */,
				8449E46926E0D2A80082AD03 /* Frameworks */,
				8449E46A26E0D2A80082AD03 /* Resources */,
			);
			buildRules = (
			);
			dependencies = (
				8449E46E26E0D2A80082AD03 /* PBXTargetDependency */,
			);
			name = SimpleNavIOSUITests;
			productName = SimpleNavIOSUITests;
			productReference = 8449E46C26E0D2A80082AD03 /* SimpleNavIOSUITests.xctest */;
			productType = "com.apple.product-type.bundle.ui-testing";
		};
/* End PBXNativeTarget section */

/* Begin PBXProject section */
		8449E44826E0D29C0082AD03 /* Project object */ = {
			isa = PBXProject;
			attributes = {
				LastSwiftUpdateCheck = 1250;
				LastUpgradeCheck = 1250;
				TargetAttributes = {
					8449E44F26E0D29C0082AD03 = {
						CreatedOnToolsVersion = 12.5.1;
					};
					8449E46026E0D2A80082AD03 = {
						CreatedOnToolsVersion = 12.5.1;
						TestTargetID = 8449E44F26E0D29C0082AD03;
					};
					8449E46B26E0D2A80082AD03 = {
						CreatedOnToolsVersion = 12.5.1;
						TestTargetID = 8449E44F26E0D29C0082AD03;
					};
				};
			};
			buildConfigurationList = 8449E44B26E0D29C0082AD03 /* Build configuration list for PBXProject "SimpleNavIOS" */;
			compatibilityVersion = "Xcode 9.3";
			developmentRegion = en;
			hasScannedForEncodings = 0;
			knownRegions = (
				en,
				Base,
			);
			mainGroup = 8449E44726E0D29C0082AD03;
			productRefGroup = 8449E45126E0D29C0082AD03 /* Products */;
			projectDirPath = "";
			projectRoot = "";
			targets = (
				8449E44F26E0D29C0082AD03 /* SimpleNavIOS */,
				8449E46026E0D2A80082AD03 /* SimpleNavIOSTests */,
				8449E46B26E0D2A80082AD03 /* SimpleNavIOSUITests */,
			);
		};
/* End PBXProject section */

/* Begin PBXResourcesBuildPhase section */
		8449E44E26E0D29C0082AD03 /* Resources */ = {
			isa = PBXResourcesBuildPhase;
			buildActionMask = 2147483647;
			files = (
				8449E45B26E0D2A70082AD03 /* Preview Assets.xcassets in Resources */,
				8449E45826E0D2A70082AD03 /* Assets.xcassets in Resources */,
			);
			runOnlyForDeploymentPostprocessing = 0;
		};
		8449E45F26E0D2A80082AD03 /* Resources */ = {
			isa = PBXResourcesBuildPhase;
			buildActionMask = 2147483647;
			files = (
			);
			runOnlyForDeploymentPostprocessing = 0;
		};
		8449E46A26E0D2A80082AD03 /* Resources */ = {
			isa = PBXResourcesBuildPhase;
			buildActionMask = 2147483647;
			files = (
			);
			runOnlyForDeploymentPostprocessing = 0;
		};
/* End PBXResourcesBuildPhase section */

/* Begin PBXSourcesBuildPhase section */
		8449E44C26E0D29C0082AD03 /* Sources */ = {
			isa = PBXSourcesBuildPhase;
			buildActionMask = 2147483647;
			files = (
				8449E45626E0D29C0082AD03 /* ContentView.swift in Sources */,
				8449E45426E0D29C0082AD03 /* SimpleNavIOSApp.swift in Sources */,
				8449E48126E2243C0082AD03 /* LocationDataModel.swift in Sources */,
				8449E47F26E0DF2D0082AD03 /* LocatioViewModel.swift in Sources */,
			);
			runOnlyForDeploymentPostprocessing = 0;
		};
		8449E45D26E0D2A80082AD03 /* Sources */ = {
			isa = PBXSourcesBuildPhase;
			buildActionMask = 2147483647;
			files = (
				8449E46626E0D2A80082AD03 /* SimpleNavIOSTests.swift in Sources */,
			);
			runOnlyForDeploymentPostprocessing = 0;
		};
		8449E46826E0D2A80082AD03 /* Sources */ = {
			isa = PBXSourcesBuildPhase;
			buildActionMask = 2147483647;
			files = (
				8449E47126E0D2A80082AD03 /* SimpleNavIOSUITests.swift in Sources */,
			);
			runOnlyForDeploymentPostprocessing = 0;
		};
/* End PBXSourcesBuildPhase section */

/* Begin PBXTargetDependency section */
		8449E46326E0D2A80082AD03 /* PBXTargetDependency */ = {
			isa = PBXTargetDependency;
			target = 8449E44F26E0D29C0082AD03 /* SimpleNavIOS */;
			targetProxy = 8449E46226E0D2A80082AD03 /* PBXContainerItemProxy */;
		};
		8449E46E26E0D2A80082AD03 /* PBXTargetDependency */ = {
			isa = PBXTargetDependency;
			target = 8449E44F26E0D29C0082AD03 /* SimpleNavIOS */;
			targetProxy = 8449E46D26E0D2A80082AD03 /* PBXContainerItemProxy */;
		};
/* End PBXTargetDependency section */

/* Begin XCBuildConfiguration section */
		8449E47326E0D2A80082AD03 /* Debug */ = {
			isa = XCBuildConfiguration;
			buildSettings = {
				ALWAYS_SEARCH_USER_PATHS = NO;
				CLANG_ANALYZER_NONNULL = YES;
				CLANG_ANALYZER_NUMBER_OBJECT_CONVERSION = YES_AGGRESSIVE;
				CLANG_CXX_LANGUAGE_STANDARD = "gnu++14";
				CLANG_CXX_LIBRARY = "libc++";
				CLANG_ENABLE_MODULES = YES;
				CLANG_ENABLE_OBJC_ARC = YES;
				CLANG_ENABLE_OBJC_WEAK = YES;
				CLANG_WARN_BLOCK_CAPTURE_AUTORELEASING = YES;
				CLANG_WARN_BOOL_CONVERSION = YES;
				CLANG_WARN_COMMA = YES;
				CLANG_WARN_CONSTANT_CONVERSION = YES;
				CLANG_WARN_DEPRECATED_OBJC_IMPLEMENTATIONS = YES;
				CLANG_WARN_DIRECT_OBJC_ISA_USAGE = YES_ERROR;
				CLANG_WARN_DOCUMENTATION_COMMENTS = YES;
				CLANG_WARN_EMPTY_BODY = YES;
				CLANG_WARN_ENUM_CONVERSION = YES;
				CLANG_WARN_INFINITE_RECURSION = YES;
				CLANG_WARN_INT_CONVERSION = YES;
				CLANG_WARN_NON_LITERAL_NULL_CONVERSION = YES;
				CLANG_WARN_OBJC_IMPLICIT_RETAIN_SELF = YES;
				CLANG_WARN_OBJC_LITERAL_CONVERSION = YES;
				CLANG_WARN_OBJC_ROOT_CLASS = YES_ERROR;
				CLANG_WARN_QUOTED_INCLUDE_IN_FRAMEWORK_HEADER = YES;
				CLANG_WARN_RANGE_LOOP_ANALYSIS = YES;
				CLANG_WARN_STRICT_PROTOTYPES = YES;
				CLANG_WARN_SUSPICIOUS_MOVE = YES;
				CLANG_WARN_UNGUARDED_AVAILABILITY = YES_AGGRESSIVE;
				CLANG_WARN_UNREACHABLE_CODE = YES;
				CLANG_WARN__DUPLICATE_METHOD_MATCH = YES;
				COPY_PHASE_STRIP = NO;
				DEBUG_INFORMATION_FORMAT = dwarf;
				ENABLE_STRICT_OBJC_MSGSEND = YES;
				ENABLE_TESTABILITY = YES;
				GCC_C_LANGUAGE_STANDARD = gnu11;
				GCC_DYNAMIC_NO_PIC = NO;
				GCC_NO_COMMON_BLOCKS = YES;
				GCC_OPTIMIZATION_LEVEL = 0;
				GCC_PREPROCESSOR_DEFINITIONS = (
					"DEBUG=1",
					"$(inherited)",
				);
				GCC_WARN_64_TO_32_BIT_CONVERSION = YES;
				GCC_WARN_ABOUT_RETURN_TYPE = YES_ERROR;
				GCC_WARN_UNDECLARED_SELECTOR = YES;
				GCC_WARN_UNINITIALIZED_AUTOS = YES_AGGRESSIVE;
				GCC_WARN_UNUSED_FUNCTION = YES;
				GCC_WARN_UNUSED_VARIABLE = YES;
				IPHONEOS_DEPLOYMENT_TARGET = 14.5;
				MTL_ENABLE_DEBUG_INFO = INCLUDE_SOURCE;
				MTL_FAST_MATH = YES;
				ONLY_ACTIVE_ARCH = YES;
				SDKROOT = iphoneos;
				SWIFT_ACTIVE_COMPILATION_CONDITIONS = DEBUG;
				SWIFT_OPTIMIZATION_LEVEL = "-Onone";
			};
			name = Debug;
		};
		8449E47426E0D2A80082AD03 /* Release */ = {
			isa = XCBuildConfiguration;
			buildSettings = {
				ALWAYS_SEARCH_USER_PATHS = NO;
				CLANG_ANALYZER_NONNULL = YES;
				CLANG_ANALYZER_NUMBER_OBJECT_CONVERSION = YES_AGGRESSIVE;
				CLANG_CXX_LANGUAGE_STANDARD = "gnu++14";
				CLANG_CXX_LIBRARY = "libc++";
				CLANG_ENABLE_MODULES = YES;
				CLANG_ENABLE_OBJC_ARC = YES;
				CLANG_ENABLE_OBJC_WEAK = YES;
				CLANG_WARN_BLOCK_CAPTURE_AUTORELEASING = YES;
				CLANG_WARN_BOOL_CONVERSION = YES;
				CLANG_WARN_COMMA = YES;
				CLANG_WARN_CONSTANT_CONVERSION = YES;
				CLANG_WARN_DEPRECATED_OBJC_IMPLEMENTATIONS = YES;
				CLANG_WARN_DIRECT_OBJC_ISA_USAGE = YES_ERROR;
				CLANG_WARN_DOCUMENTATION_COMMENTS = YES;
				CLANG_WARN_EMPTY_BODY = YES;
				CLANG_WARN_ENUM_CONVERSION = YES;
				CLANG_WARN_INFINITE_RECURSION = YES;
				CLANG_WARN_INT_CONVERSION = YES;
				CLANG_WARN_NON_LITERAL_NULL_CONVERSION = YES;
				CLANG_WARN_OBJC_IMPLICIT_RETAIN_SELF = YES;
				CLANG_WARN_OBJC_LITERAL_CONVERSION = YES;
				CLANG_WARN_OBJC_ROOT_CLASS = YES_ERROR;
				CLANG_WARN_QUOTED_INCLUDE_IN_FRAMEWORK_HEADER = YES;
				CLANG_WARN_RANGE_LOOP_ANALYSIS = YES;
				CLANG_WARN_STRICT_PROTOTYPES = YES;
				CLANG_WARN_SUSPICIOUS_MOVE = YES;
				CLANG_WARN_UNGUARDED_AVAILABILITY = YES_AGGRESSIVE;
				CLANG_WARN_UNREACHABLE_CODE = YES;
				CLANG_WARN__DUPLICATE_METHOD_MATCH = YES;
				COPY_PHASE_STRIP = NO;
				DEBUG_INFORMATION_FORMAT = "dwarf-with-dsym";
				ENABLE_NS_ASSERTIONS = NO;
				ENABLE_STRICT_OBJC_MSGSEND = YES;
				GCC_C_LANGUAGE_STANDARD = gnu11;
				GCC_NO_COMMON_BLOCKS = YES;
				GCC_WARN_64_TO_32_BIT_CONVERSION = YES;
				GCC_WARN_ABOUT_RETURN_TYPE = YES_ERROR;
				GCC_WARN_UNDECLARED_SELECTOR = YES;
				GCC_WARN_UNINITIALIZED_AUTOS = YES_AGGRESSIVE;
				GCC_WARN_UNUSED_FUNCTION = YES;
				GCC_WARN_UNUSED_VARIABLE = YES;
				IPHONEOS_DEPLOYMENT_TARGET = 14.5;
				MTL_ENABLE_DEBUG_INFO = NO;
				MTL_FAST_MATH = YES;
				SDKROOT = iphoneos;
				SWIFT_COMPILATION_MODE = wholemodule;
				SWIFT_OPTIMIZATION_LEVEL = "-O";
				VALIDATE_PRODUCT = YES;
			};
			name = Release;
		};
		8449E47626E0D2A80082AD03 /* Debug */ = {
			isa = XCBuildConfiguration;
			buildSettings = {
				ASSETCATALOG_COMPILER_APPICON_NAME = AppIcon;
				ASSETCATALOG_COMPILER_GLOBAL_ACCENT_COLOR_NAME = AccentColor;
				CODE_SIGN_STYLE = Automatic;
				DEVELOPMENT_ASSET_PATHS = "\"SimpleNavIOS/Preview Content\"";
				ENABLE_PREVIEWS = YES;
				INFOPLIST_FILE = SimpleNavIOS/Info.plist;
				IPHONEOS_DEPLOYMENT_TARGET = 14.0;
				LD_RUNPATH_SEARCH_PATHS = (
					"$(inherited)",
					"@executable_path/Frameworks",
				);
				PRODUCT_BUNDLE_IDENTIFIER = com.petruccio.SimpleNavIOS;
				PRODUCT_NAME = "$(TARGET_NAME)";
				SWIFT_VERSION = 5.0;
				TARGETED_DEVICE_FAMILY = "1,2";
			};
			name = Debug;
		};
		8449E47726E0D2A80082AD03 /* Release */ = {
			isa = XCBuildConfiguration;
			buildSettings = {
				ASSETCATALOG_COMPILER_APPICON_NAME = AppIcon;
				ASSETCATALOG_COMPILER_GLOBAL_ACCENT_COLOR_NAME = AccentColor;
				CODE_SIGN_STYLE = Automatic;
				DEVELOPMENT_ASSET_PATHS = "\"SimpleNavIOS/Preview Content\"";
				ENABLE_PREVIEWS = YES;
				INFOPLIST_FILE = SimpleNavIOS/Info.plist;
				IPHONEOS_DEPLOYMENT_TARGET = 14.0;
				LD_RUNPATH_SEARCH_PATHS = (
					"$(inherited)",
					"@executable_path/Frameworks",
				);
				PRODUCT_BUNDLE_IDENTIFIER = com.petruccio.SimpleNavIOS;
				PRODUCT_NAME = "$(TARGET_NAME)";
				SWIFT_VERSION = 5.0;
				TARGETED_DEVICE_FAMILY = "1,2";
			};
			name = Release;
		};
		8449E47926E0D2A80082AD03 /* Debug */ = {
			isa = XCBuildConfiguration;
			buildSettings = {
				ALWAYS_EMBED_SWIFT_STANDARD_LIBRARIES = YES;
				BUNDLE_LOADER = "$(TEST_HOST)";
				CODE_SIGN_STYLE = Automatic;
				INFOPLIST_FILE = SimpleNavIOSTests/Info.plist;
				IPHONEOS_DEPLOYMENT_TARGET = 14.0;
				LD_RUNPATH_SEARCH_PATHS = (
					"$(inherited)",
					"@executable_path/Frameworks",
					"@loader_path/Frameworks",
				);
				PRODUCT_BUNDLE_IDENTIFIER = com.petruccio.SimpleNavIOSTests;
				PRODUCT_NAME = "$(TARGET_NAME)";
				SWIFT_VERSION = 5.0;
				TARGETED_DEVICE_FAMILY = "1,2";
				TEST_HOST = "$(BUILT_PRODUCTS_DIR)/SimpleNavIOS.app/SimpleNavIOS";
			};
			name = Debug;
		};
		8449E47A26E0D2A80082AD03 /* Release */ = {
			isa = XCBuildConfiguration;
			buildSettings = {
				ALWAYS_EMBED_SWIFT_STANDARD_LIBRARIES = YES;
				BUNDLE_LOADER = "$(TEST_HOST)";
				CODE_SIGN_STYLE = Automatic;
				INFOPLIST_FILE = SimpleNavIOSTests/Info.plist;
				IPHONEOS_DEPLOYMENT_TARGET = 14.0;
				LD_RUNPATH_SEARCH_PATHS = (
					"$(inherited)",
					"@executable_path/Frameworks",
					"@loader_path/Frameworks",
				);
				PRODUCT_BUNDLE_IDENTIFIER = com.petruccio.SimpleNavIOSTests;
				PRODUCT_NAME = "$(TARGET_NAME)";
				SWIFT_VERSION = 5.0;
				TARGETED_DEVICE_FAMILY = "1,2";
				TEST_HOST = "$(BUILT_PRODUCTS_DIR)/SimpleNavIOS.app/SimpleNavIOS";
			};
			name = Release;
		};
		8449E47C26E0D2A80082AD03 /* Debug */ = {
			isa = XCBuildConfiguration;
			buildSettings = {
				ALWAYS_EMBED_SWIFT_STANDARD_LIBRARIES = YES;
				CODE_SIGN_STYLE = Automatic;
				INFOPLIST_FILE = SimpleNavIOSUITests/Info.plist;
				LD_RUNPATH_SEARCH_PATHS = (
					"$(inherited)",
					"@executable_path/Frameworks",
					"@loader_path/Frameworks",
				);
				PRODUCT_BUNDLE_IDENTIFIER = com.petruccio.SimpleNavIOSUITests;
				PRODUCT_NAME = "$(TARGET_NAME)";
				SWIFT_VERSION = 5.0;
				TARGETED_DEVICE_FAMILY = "1,2";
				TEST_TARGET_NAME = SimpleNavIOS;
			};
			name = Debug;
		};
		8449E47D26E0D2A80082AD03 /* Release */ = {
			isa = XCBuildConfiguration;
			buildSettings = {
				ALWAYS_EMBED_SWIFT_STANDARD_LIBRARIES = YES;
				CODE_SIGN_STYLE = Automatic;
				INFOPLIST_FILE = SimpleNavIOSUITests/Info.plist;
				LD_RUNPATH_SEARCH_PATHS = (
					"$(inherited)",
					"@executable_path/Frameworks",
					"@loader_path/Frameworks",
				);
				PRODUCT_BUNDLE_IDENTIFIER = com.petruccio.SimpleNavIOSUITests;
				PRODUCT_NAME = "$(TARGET_NAME)";
				SWIFT_VERSION = 5.0;
				TARGETED_DEVICE_FAMILY = "1,2";
				TEST_TARGET_NAME = SimpleNavIOS;
			};
			name = Release;
		};
/* End XCBuildConfiguration section */

/* Begin XCConfigurationList section */
		8449E44B26E0D29C0082AD03 /* Build configuration list for PBXProject "SimpleNavIOS" */ = {
			isa = XCConfigurationList;
			buildConfigurations = (
				8449E47326E0D2A80082AD03 /* Debug */,
				8449E47426E0D2A80082AD03 /* Release */,
			);
			defaultConfigurationIsVisible = 0;
			defaultConfigurationName = Release;
		};
		8449E47526E0D2A80082AD03 /* Build configuration list for PBXNativeTarget "SimpleNavIOS" */ = {
			isa = XCConfigurationList;
			buildConfigurations = (
				8449E47626E0D2A80082AD03 /* Debug */,
				8449E47726E0D2A80082AD03 /* Release */,
			);
			defaultConfigurationIsVisible = 0;
			defaultConfigurationName = Release;
		};
		8449E47826E0D2A80082AD03 /* Build configuration list for PBXNativeTarget "SimpleNavIOSTests" */ = {
			isa = XCConfigurationList;
			buildConfigurations = (
				8449E47926E0D2A80082AD03 /* Debug */,
				8449E47A26E0D2A80082AD03 /* Release */,
			);
			defaultConfigurationIsVisible = 0;
			defaultConfigurationName = Release;
		};
		8449E47B26E0D2A80082AD03 /* Build configuration list for PBXNativeTarget "SimpleNavIOSUITests" */ = {
			isa = XCConfigurationList;
			buildConfigurations = (
				8449E47C26E0D2A80082AD03 /* Debug */,
				8449E47D26E0D2A80082AD03 /* Release */,
			);
			defaultConfigurationIsVisible = 0;
			defaultConfigurationName = Release;
		};
/* End XCConfigurationList section */
	};
	rootObject = 8449E44826E0D29C0082AD03 /* Project object */;
}
